
Microsoft Visual Studio Solution File, Format Version 12.00
# Visual Studio Version 16
VisualStudioVersion = 16.0.30709.64
MinimumVisualStudioVersion = 10.0.40219.1
Project("{FAE04EC0-301F-11D3-BF4B-00C04F79EFBC}") = "ConsoleApp15", "ConsoleApp15\ConsoleApp15.csproj", "{D861DF07-E740-441F-8C10-6D6B39BA9718}"
EndProject
Global
	GlobalSection(SolutionConfigurationPlatforms) = preSolution
		Debug|Any CPU = Debug|Any CPU
		Release|Any CPU = Release|Any CPU
	EndGlobalSection
	GlobalSection(ProjectConfigurationPlatforms) = postSolution
		{D861DF07-E740-441F-8C10-6D6B39BA9718}.Debug|Any CPU.ActiveCfg = Debug|Any CPU
		{D861DF07-E740-441F-8C10-6D6B39BA9718}.Debug|Any CPU.Build.0 = Debug|Any CPU
		{D861DF07-E740-441F-8C10-6D6B39BA9718}.Release|Any CPU.ActiveCfg = Release|Any CPU
		{D861DF07-E740-441F-8C10-6D6B39BA9718}.Release|Any CPU.Build.0 = Release|Any CPU
	EndGlobalSection
	GlobalSection(SolutionProperties) = preSolution
		HideSolutionNode = FALSE
	EndGlobalSection
	GlobalSection(ExtensibilityGlobals) = postSolution
		SolutionGuid = {248A7DE4-68D9-4064-9F3F-BA404067897E}
	EndGlobalSection
EndGlobal
